// !$*UTF8*$!
{
	archiveVersion = 1;
	classes = {
	};
	objectVersion = 56;
	objects = {

/* Begin PBXBuildFile section */
		FE3B21812BE7AB1200D82E07 /* FirebaseBootcampSwiftUIApp.swift in Sources */ = {isa = PBXBuildFile; fileRef = FE3B21802BE7AB1200D82E07 /* FirebaseBootcampSwiftUIApp.swift */; };
		FE3B21832BE7AB1200D82E07 /* ContentView.swift in Sources */ = {isa = PBXBuildFile; fileRef = FE3B21822BE7AB1200D82E07 /* ContentView.swift */; };
		FE3B21852BE7AB1300D82E07 /* Assets.xcassets in Resources */ = {isa = PBXBuildFile; fileRef = FE3B21842BE7AB1300D82E07 /* Assets.xcassets */; };
		FE3B21882BE7AB1300D82E07 /* Preview Assets.xcassets in Resources */ = {isa = PBXBuildFile; fileRef = FE3B21872BE7AB1300D82E07 /* Preview Assets.xcassets */; };
		FE3B21922BE7AF2000D82E07 /* FirebaseAnalytics in Frameworks */ = {isa = PBXBuildFile; productRef = FE3B21912BE7AF2000D82E07 /* FirebaseAnalytics */; };
		FE3B21942BE7AF2000D82E07 /* FirebaseAnalyticsSwift in Frameworks */ = {isa = PBXBuildFile; productRef = FE3B21932BE7AF2000D82E07 /* FirebaseAnalyticsSwift */; };
		FE3B21972BE7B5DA00D82E07 /* FirebaseAuth in Frameworks */ = {isa = PBXBuildFile; productRef = FE3B21962BE7B5DA00D82E07 /* FirebaseAuth */; };
		FE3B219A2BE7B67700D82E07 /* AuthenticationView.swift in Sources */ = {isa = PBXBuildFile; fileRef = FE3B21992BE7B67700D82E07 /* AuthenticationView.swift */; };
		FE3B219C2BE7B7E300D82E07 /* SignInEmailView.swift in Sources */ = {isa = PBXBuildFile; fileRef = FE3B219B2BE7B7E300D82E07 /* SignInEmailView.swift */; };
		FE3B219E2BE7BA0B00D82E07 /* AuthenticationManager.swift in Sources */ = {isa = PBXBuildFile; fileRef = FE3B219D2BE7BA0B00D82E07 /* AuthenticationManager.swift */; };
		FE3B21A02BE7BF9900D82E07 /* RootView.swift in Sources */ = {isa = PBXBuildFile; fileRef = FE3B219F2BE7BF9900D82E07 /* RootView.swift */; };
		FE3B21A22BE7C42800D82E07 /* SettingsView.swift in Sources */ = {isa = PBXBuildFile; fileRef = FE3B21A12BE7C42800D82E07 /* SettingsView.swift */; };
		FE3B21A52BE94CCC00D82E07 /* GoogleSignIn in Frameworks */ = {isa = PBXBuildFile; productRef = FE3B21A42BE94CCC00D82E07 /* GoogleSignIn */; };
		FE3B21A72BE94CCC00D82E07 /* GoogleSignInSwift in Frameworks */ = {isa = PBXBuildFile; productRef = FE3B21A62BE94CCC00D82E07 /* GoogleSignInSwift */; };
		FE3B21AA2BE94ED200D82E07 /* GoogleService-Info.plist in Resources */ = {isa = PBXBuildFile; fileRef = FE3B21A92BE94ED200D82E07 /* GoogleService-Info.plist */; };
		FE3B21AD2BE9550500D82E07 /* Utilities.swift in Sources */ = {isa = PBXBuildFile; fileRef = FE3B21AC2BE9550500D82E07 /* Utilities.swift */; };
		FE3B21AF2BE96B3B00D82E07 /* SignInGoogleHelper.swift in Sources */ = {isa = PBXBuildFile; fileRef = FE3B21AE2BE96B3B00D82E07 /* SignInGoogleHelper.swift */; };
		FEF707B52BEBF450000DFFC4 /* FirebaseFirestore in Frameworks */ = {isa = PBXBuildFile; productRef = FEF707B42BEBF450000DFFC4 /* FirebaseFirestore */; };
		FEF707B72BEBF450000DFFC4 /* FirebaseFirestoreSwift in Frameworks */ = {isa = PBXBuildFile; productRef = FEF707B62BEBF450000DFFC4 /* FirebaseFirestoreSwift */; };
		FEF707BB2BEBF69B000DFFC4 /* SettingsViewModel.swift in Sources */ = {isa = PBXBuildFile; fileRef = FEF707BA2BEBF69B000DFFC4 /* SettingsViewModel.swift */; };
		FEF707BE2BEBF6E8000DFFC4 /* AuthenticationViewModel.swift in Sources */ = {isa = PBXBuildFile; fileRef = FEF707BD2BEBF6E8000DFFC4 /* AuthenticationViewModel.swift */; };
		FEF707C12BEBF778000DFFC4 /* SignInEmailViewModel.swift in Sources */ = {isa = PBXBuildFile; fileRef = FEF707C02BEBF778000DFFC4 /* SignInEmailViewModel.swift */; };
		FEF707C42BEBF83E000DFFC4 /* ProfileView.swift in Sources */ = {isa = PBXBuildFile; fileRef = FEF707C32BEBF83E000DFFC4 /* ProfileView.swift */; };
/* End PBXBuildFile section */

/* Begin PBXFileReference section */
		FE3B217D2BE7AB1200D82E07 /* FirebaseBootcampSwiftUI.app */ = {isa = PBXFileReference; explicitFileType = wrapper.application; includeInIndex = 0; path = FirebaseBootcampSwiftUI.app; sourceTree = BUILT_PRODUCTS_DIR; };
		FE3B21802BE7AB1200D82E07 /* FirebaseBootcampSwiftUIApp.swift */ = {isa = PBXFileReference; lastKnownFileType = sourcecode.swift; path = FirebaseBootcampSwiftUIApp.swift; sourceTree = "<group>"; };
		FE3B21822BE7AB1200D82E07 /* ContentView.swift */ = {isa = PBXFileReference; lastKnownFileType = sourcecode.swift; path = ContentView.swift; sourceTree = "<group>"; };
		FE3B21842BE7AB1300D82E07 /* Assets.xcassets */ = {isa = PBXFileReference; lastKnownFileType = folder.assetcatalog; path = Assets.xcassets; sourceTree = "<group>"; };
		FE3B21872BE7AB1300D82E07 /* Preview Assets.xcassets */ = {isa = PBXFileReference; lastKnownFileType = folder.assetcatalog; path = "Preview Assets.xcassets"; sourceTree = "<group>"; };
		FE3B21992BE7B67700D82E07 /* AuthenticationView.swift */ = {isa = PBXFileReference; lastKnownFileType = sourcecode.swift; path = AuthenticationView.swift; sourceTree = "<group>"; };
		FE3B219B2BE7B7E300D82E07 /* SignInEmailView.swift */ = {isa = PBXFileReference; lastKnownFileType = sourcecode.swift; path = SignInEmailView.swift; sourceTree = "<group>"; };
		FE3B219D2BE7BA0B00D82E07 /* AuthenticationManager.swift */ = {isa = PBXFileReference; lastKnownFileType = sourcecode.swift; path = AuthenticationManager.swift; sourceTree = "<group>"; };
		FE3B219F2BE7BF9900D82E07 /* RootView.swift */ = {isa = PBXFileReference; lastKnownFileType = sourcecode.swift; path = RootView.swift; sourceTree = "<group>"; };
		FE3B21A12BE7C42800D82E07 /* SettingsView.swift */ = {isa = PBXFileReference; lastKnownFileType = sourcecode.swift; path = SettingsView.swift; sourceTree = "<group>"; };
		FE3B21A82BE94D5F00D82E07 /* Info.plist */ = {isa = PBXFileReference; lastKnownFileType = text.plist; path = Info.plist; sourceTree = "<group>"; };
		FE3B21A92BE94ED200D82E07 /* GoogleService-Info.plist */ = {isa = PBXFileReference; fileEncoding = 4; lastKnownFileType = text.plist.xml; path = "GoogleService-Info.plist"; sourceTree = "<group>"; };
		FE3B21AC2BE9550500D82E07 /* Utilities.swift */ = {isa = PBXFileReference; lastKnownFileType = sourcecode.swift; path = Utilities.swift; sourceTree = "<group>"; };
		FE3B21AE2BE96B3B00D82E07 /* SignInGoogleHelper.swift */ = {isa = PBXFileReference; lastKnownFileType = sourcecode.swift; path = SignInGoogleHelper.swift; sourceTree = "<group>"; };
		FEF707BA2BEBF69B000DFFC4 /* SettingsViewModel.swift */ = {isa = PBXFileReference; lastKnownFileType = sourcecode.swift; path = SettingsViewModel.swift; sourceTree = "<group>"; };
		FEF707BD2BEBF6E8000DFFC4 /* AuthenticationViewModel.swift */ = {isa = PBXFileReference; lastKnownFileType = sourcecode.swift; path = AuthenticationViewModel.swift; sourceTree = "<group>"; };
		FEF707C02BEBF778000DFFC4 /* SignInEmailViewModel.swift */ = {isa = PBXFileReference; lastKnownFileType = sourcecode.swift; path = SignInEmailViewModel.swift; sourceTree = "<group>"; };
		FEF707C32BEBF83E000DFFC4 /* ProfileView.swift */ = {isa = PBXFileReference; lastKnownFileType = sourcecode.swift; path = ProfileView.swift; sourceTree = "<group>"; };
/* End PBXFileReference section */

/* Begin PBXFrameworksBuildPhase section */
		FE3B217A2BE7AB1200D82E07 /* Frameworks */ = {
			isa = PBXFrameworksBuildPhase;
			buildActionMask = 2147483647;
			files = (
				FE3B21A72BE94CCC00D82E07 /* GoogleSignInSwift in Frameworks */,
				FE3B21942BE7AF2000D82E07 /* FirebaseAnalyticsSwift in Frameworks */,
				FE3B21A52BE94CCC00D82E07 /* GoogleSignIn in Frameworks */,
				FEF707B72BEBF450000DFFC4 /* FirebaseFirestoreSwift in Frameworks */,
				FE3B21972BE7B5DA00D82E07 /* FirebaseAuth in Frameworks */,
				FE3B21922BE7AF2000D82E07 /* FirebaseAnalytics in Frameworks */,
				FEF707B52BEBF450000DFFC4 /* FirebaseFirestore in Frameworks */,
			);
			runOnlyForDeploymentPostprocessing = 0;
		};
/* End PBXFrameworksBuildPhase section */

/* Begin PBXGroup section */
		FE3B21742BE7AB1200D82E07 = {
			isa = PBXGroup;
			children = (
				FE3B217F2BE7AB1200D82E07 /* FirebaseBootcampSwiftUI */,
				FE3B217E2BE7AB1200D82E07 /* Products */,
				FE3B21952BE7B5DA00D82E07 /* Frameworks */,
			);
			sourceTree = "<group>";
		};
		FE3B217E2BE7AB1200D82E07 /* Products */ = {
			isa = PBXGroup;
			children = (
				FE3B217D2BE7AB1200D82E07 /* FirebaseBootcampSwiftUI.app */,
			);
			name = Products;
			sourceTree = "<group>";
		};
		FE3B217F2BE7AB1200D82E07 /* FirebaseBootcampSwiftUI */ = {
			isa = PBXGroup;
			children = (
				FE3B21A82BE94D5F00D82E07 /* Info.plist */,
				FE3B21A92BE94ED200D82E07 /* GoogleService-Info.plist */,
				FE3B21802BE7AB1200D82E07 /* FirebaseBootcampSwiftUIApp.swift */,
				FE3B21822BE7AB1200D82E07 /* ContentView.swift */,
				FE3B21982BE7B64F00D82E07 /* Authentication */,
				FEF707B82BEBF5BF000DFFC4 /* Screens */,
				FE3B21AB2BE954D800D82E07 /* Utilities */,
				FE3B21842BE7AB1300D82E07 /* Assets.xcassets */,
				FE3B21862BE7AB1300D82E07 /* Preview Content */,
			);
			path = FirebaseBootcampSwiftUI;
			sourceTree = "<group>";
		};
		FE3B21862BE7AB1300D82E07 /* Preview Content */ = {
			isa = PBXGroup;
			children = (
				FE3B21872BE7AB1300D82E07 /* Preview Assets.xcassets */,
			);
			path = "Preview Content";
			sourceTree = "<group>";
		};
		FE3B21952BE7B5DA00D82E07 /* Frameworks */ = {
			isa = PBXGroup;
			children = (
			);
			name = Frameworks;
			sourceTree = "<group>";
		};
		FE3B21982BE7B64F00D82E07 /* Authentication */ = {
			isa = PBXGroup;
			children = (
				FE3B219D2BE7BA0B00D82E07 /* AuthenticationManager.swift */,
				FE3B21AE2BE96B3B00D82E07 /* SignInGoogleHelper.swift */,
			);
			path = Authentication;
			sourceTree = "<group>";
		};
		FE3B21AB2BE954D800D82E07 /* Utilities */ = {
			isa = PBXGroup;
			children = (
				FE3B21AC2BE9550500D82E07 /* Utilities.swift */,
			);
			path = Utilities;
			sourceTree = "<group>";
		};
		FEF707B82BEBF5BF000DFFC4 /* Screens */ = {
			isa = PBXGroup;
			children = (
				FE3B219F2BE7BF9900D82E07 /* RootView.swift */,
				FEF707BC2BEBF6C5000DFFC4 /* Authentication */,
				FEF707C22BEBF808000DFFC4 /* Profile */,
				FEF707B92BEBF686000DFFC4 /* Settings */,
			);
			path = Screens;
			sourceTree = "<group>";
		};
		FEF707B92BEBF686000DFFC4 /* Settings */ = {
			isa = PBXGroup;
			children = (
				FE3B21A12BE7C42800D82E07 /* SettingsView.swift */,
				FEF707BA2BEBF69B000DFFC4 /* SettingsViewModel.swift */,
			);
			path = Settings;
			sourceTree = "<group>";
		};
		FEF707BC2BEBF6C5000DFFC4 /* Authentication */ = {
			isa = PBXGroup;
			children = (
				FE3B21992BE7B67700D82E07 /* AuthenticationView.swift */,
				FEF707BD2BEBF6E8000DFFC4 /* AuthenticationViewModel.swift */,
				FEF707BF2BEBF738000DFFC4 /* Subviews */,
			);
			path = Authentication;
			sourceTree = "<group>";
		};
		FEF707BF2BEBF738000DFFC4 /* Subviews */ = {
			isa = PBXGroup;
			children = (
				FE3B219B2BE7B7E300D82E07 /* SignInEmailView.swift */,
				FEF707C02BEBF778000DFFC4 /* SignInEmailViewModel.swift */,
			);
			path = Subviews;
			sourceTree = "<group>";
		};
		FEF707C22BEBF808000DFFC4 /* Profile */ = {
			isa = PBXGroup;
			children = (
				FEF707C32BEBF83E000DFFC4 /* ProfileView.swift */,
			);
			path = Profile;
			sourceTree = "<group>";
		};
/* End PBXGroup section */

/* Begin PBXNativeTarget section */
		FE3B217C2BE7AB1200D82E07 /* FirebaseBootcampSwiftUI */ = {
			isa = PBXNativeTarget;
			buildConfigurationList = FE3B218B2BE7AB1300D82E07 /* Build configuration list for PBXNativeTarget "FirebaseBootcampSwiftUI" */;
			buildPhases = (
				FE3B21792BE7AB1200D82E07 /* Sources */,
				FE3B217A2BE7AB1200D82E07 /* Frameworks */,
				FE3B217B2BE7AB1200D82E07 /* Resources */,
			);
			buildRules = (
			);
			dependencies = (
			);
			name = FirebaseBootcampSwiftUI;
			packageProductDependencies = (
				FE3B21912BE7AF2000D82E07 /* FirebaseAnalytics */,
				FE3B21932BE7AF2000D82E07 /* FirebaseAnalyticsSwift */,
				FE3B21962BE7B5DA00D82E07 /* FirebaseAuth */,
				FE3B21A42BE94CCC00D82E07 /* GoogleSignIn */,
				FE3B21A62BE94CCC00D82E07 /* GoogleSignInSwift */,
				FEF707B42BEBF450000DFFC4 /* FirebaseFirestore */,
				FEF707B62BEBF450000DFFC4 /* FirebaseFirestoreSwift */,
			);
			productName = FirebaseBootcampSwiftUI;
			productReference = FE3B217D2BE7AB1200D82E07 /* FirebaseBootcampSwiftUI.app */;
			productType = "com.apple.product-type.application";
		};
/* End PBXNativeTarget section */

/* Begin PBXProject section */
		FE3B21752BE7AB1200D82E07 /* Project object */ = {
			isa = PBXProject;
			attributes = {
				BuildIndependentTargetsInParallel = 1;
				LastSwiftUpdateCheck = 1530;
				LastUpgradeCheck = 1530;
				TargetAttributes = {
					FE3B217C2BE7AB1200D82E07 = {
						CreatedOnToolsVersion = 15.3;
					};
				};
			};
			buildConfigurationList = FE3B21782BE7AB1200D82E07 /* Build configuration list for PBXProject "FirebaseBootcampSwiftUI" */;
			compatibilityVersion = "Xcode 14.0";
			developmentRegion = en;
			hasScannedForEncodings = 0;
			knownRegions = (
				en,
				Base,
			);
			mainGroup = FE3B21742BE7AB1200D82E07;
			packageReferences = (
				FE3B21902BE7AF2000D82E07 /* XCRemoteSwiftPackageReference "firebase-ios-sdk" */,
				FE3B21A32BE94CCC00D82E07 /* XCRemoteSwiftPackageReference "GoogleSignIn-iOS" */,
			);
			productRefGroup = FE3B217E2BE7AB1200D82E07 /* Products */;
			projectDirPath = "";
			projectRoot = "";
			targets = (
				FE3B217C2BE7AB1200D82E07 /* FirebaseBootcampSwiftUI */,
			);
		};
/* End PBXProject section */

/* Begin PBXResourcesBuildPhase section */
		FE3B217B2BE7AB1200D82E07 /* Resources */ = {
			isa = PBXResourcesBuildPhase;
			buildActionMask = 2147483647;
			files = (
				FE3B21882BE7AB1300D82E07 /* Preview Assets.xcassets in Resources */,
				FE3B21852BE7AB1300D82E07 /* Assets.xcassets in Resources */,
				FE3B21AA2BE94ED200D82E07 /* GoogleService-Info.plist in Resources */,
			);
			runOnlyForDeploymentPostprocessing = 0;
		};
/* End PBXResourcesBuildPhase section */

/* Begin PBXSourcesBuildPhase section */
		FE3B21792BE7AB1200D82E07 /* Sources */ = {
			isa = PBXSourcesBuildPhase;
			buildActionMask = 2147483647;
			files = (
				FE3B21A22BE7C42800D82E07 /* SettingsView.swift in Sources */,
				FEF707C42BEBF83E000DFFC4 /* ProfileView.swift in Sources */,
				FE3B21832BE7AB1200D82E07 /* ContentView.swift in Sources */,
				FE3B21812BE7AB1200D82E07 /* FirebaseBootcampSwiftUIApp.swift in Sources */,
				FE3B21A02BE7BF9900D82E07 /* RootView.swift in Sources */,
				FEF707BE2BEBF6E8000DFFC4 /* AuthenticationViewModel.swift in Sources */,
				FEF707C12BEBF778000DFFC4 /* SignInEmailViewModel.swift in Sources */,
				FE3B21AF2BE96B3B00D82E07 /* SignInGoogleHelper.swift in Sources */,
				FEF707BB2BEBF69B000DFFC4 /* SettingsViewModel.swift in Sources */,
				FE3B219A2BE7B67700D82E07 /* AuthenticationView.swift in Sources */,
				FE3B219E2BE7BA0B00D82E07 /* AuthenticationManager.swift in Sources */,
				FE3B21AD2BE9550500D82E07 /* Utilities.swift in Sources */,
				FE3B219C2BE7B7E300D82E07 /* SignInEmailView.swift in Sources */,
			);
			runOnlyForDeploymentPostprocessing = 0;
		};
/* End PBXSourcesBuildPhase section */

/* Begin XCBuildConfiguration section */
		FE3B21892BE7AB1300D82E07 /* Debug */ = {
			isa = XCBuildConfiguration;
			buildSettings = {
				ALWAYS_SEARCH_USER_PATHS = NO;
				ASSETCATALOG_COMPILER_GENERATE_SWIFT_ASSET_SYMBOL_EXTENSIONS = YES;
				CLANG_ANALYZER_NONNULL = YES;
				CLANG_ANALYZER_NUMBER_OBJECT_CONVERSION = YES_AGGRESSIVE;
				CLANG_CXX_LANGUAGE_STANDARD = "gnu++20";
				CLANG_ENABLE_MODULES = YES;
				CLANG_ENABLE_OBJC_ARC = YES;
				CLANG_ENABLE_OBJC_WEAK = YES;
				CLANG_WARN_BLOCK_CAPTURE_AUTORELEASING = YES;
				CLANG_WARN_BOOL_CONVERSION = YES;
				CLANG_WARN_COMMA = YES;
				CLANG_WARN_CONSTANT_CONVERSION = YES;
				CLANG_WARN_DEPRECATED_OBJC_IMPLEMENTATIONS = YES;
				CLANG_WARN_DIRECT_OBJC_ISA_USAGE = YES_ERROR;
				CLANG_WARN_DOCUMENTATION_COMMENTS = YES;
				CLANG_WARN_EMPTY_BODY = YES;
				CLANG_WARN_ENUM_CONVERSION = YES;
				CLANG_WARN_INFINITE_RECURSION = YES;
				CLANG_WARN_INT_CONVERSION = YES;
				CLANG_WARN_NON_LITERAL_NULL_CONVERSION = YES;
				CLANG_WARN_OBJC_IMPLICIT_RETAIN_SELF = YES;
				CLANG_WARN_OBJC_LITERAL_CONVERSION = YES;
				CLANG_WARN_OBJC_ROOT_CLASS = YES_ERROR;
				CLANG_WARN_QUOTED_INCLUDE_IN_FRAMEWORK_HEADER = YES;
				CLANG_WARN_RANGE_LOOP_ANALYSIS = YES;
				CLANG_WARN_STRICT_PROTOTYPES = YES;
				CLANG_WARN_SUSPICIOUS_MOVE = YES;
				CLANG_WARN_UNGUARDED_AVAILABILITY = YES_AGGRESSIVE;
				CLANG_WARN_UNREACHABLE_CODE = YES;
				CLANG_WARN__DUPLICATE_METHOD_MATCH = YES;
				COPY_PHASE_STRIP = NO;
				DEBUG_INFORMATION_FORMAT = dwarf;
				ENABLE_STRICT_OBJC_MSGSEND = YES;
				ENABLE_TESTABILITY = YES;
				ENABLE_USER_SCRIPT_SANDBOXING = YES;
				GCC_C_LANGUAGE_STANDARD = gnu17;
				GCC_DYNAMIC_NO_PIC = NO;
				GCC_NO_COMMON_BLOCKS = YES;
				GCC_OPTIMIZATION_LEVEL = 0;
				GCC_PREPROCESSOR_DEFINITIONS = (
					"DEBUG=1",
					"$(inherited)",
				);
				GCC_WARN_64_TO_32_BIT_CONVERSION = YES;
				GCC_WARN_ABOUT_RETURN_TYPE = YES_ERROR;
				GCC_WARN_UNDECLARED_SELECTOR = YES;
				GCC_WARN_UNINITIALIZED_AUTOS = YES_AGGRESSIVE;
				GCC_WARN_UNUSED_FUNCTION = YES;
				GCC_WARN_UNUSED_VARIABLE = YES;
				IPHONEOS_DEPLOYMENT_TARGET = 17.4;
				LOCALIZATION_PREFERS_STRING_CATALOGS = YES;
				MTL_ENABLE_DEBUG_INFO = INCLUDE_SOURCE;
				MTL_FAST_MATH = YES;
				ONLY_ACTIVE_ARCH = YES;
				SDKROOT = iphoneos;
				SWIFT_ACTIVE_COMPILATION_CONDITIONS = "DEBUG $(inherited)";
				SWIFT_OPTIMIZATION_LEVEL = "-Onone";
			};
			name = Debug;
		};
		FE3B218A2BE7AB1300D82E07 /* Release */ = {
			isa = XCBuildConfiguration;
			buildSettings = {
				ALWAYS_SEARCH_USER_PATHS = NO;
				ASSETCATALOG_COMPILER_GENERATE_SWIFT_ASSET_SYMBOL_EXTENSIONS = YES;
				CLANG_ANALYZER_NONNULL = YES;
				CLANG_ANALYZER_NUMBER_OBJECT_CONVERSION = YES_AGGRESSIVE;
				CLANG_CXX_LANGUAGE_STANDARD = "gnu++20";
				CLANG_ENABLE_MODULES = YES;
				CLANG_ENABLE_OBJC_ARC = YES;
				CLANG_ENABLE_OBJC_WEAK = YES;
				CLANG_WARN_BLOCK_CAPTURE_AUTORELEASING = YES;
				CLANG_WARN_BOOL_CONVERSION = YES;
				CLANG_WARN_COMMA = YES;
				CLANG_WARN_CONSTANT_CONVERSION = YES;
				CLANG_WARN_DEPRECATED_OBJC_IMPLEMENTATIONS = YES;
				CLANG_WARN_DIRECT_OBJC_ISA_USAGE = YES_ERROR;
				CLANG_WARN_DOCUMENTATION_COMMENTS = YES;
				CLANG_WARN_EMPTY_BODY = YES;
				CLANG_WARN_ENUM_CONVERSION = YES;
				CLANG_WARN_INFINITE_RECURSION = YES;
				CLANG_WARN_INT_CONVERSION = YES;
				CLANG_WARN_NON_LITERAL_NULL_CONVERSION = YES;
				CLANG_WARN_OBJC_IMPLICIT_RETAIN_SELF = YES;
				CLANG_WARN_OBJC_LITERAL_CONVERSION = YES;
				CLANG_WARN_OBJC_ROOT_CLASS = YES_ERROR;
				CLANG_WARN_QUOTED_INCLUDE_IN_FRAMEWORK_HEADER = YES;
				CLANG_WARN_RANGE_LOOP_ANALYSIS = YES;
				CLANG_WARN_STRICT_PROTOTYPES = YES;
				CLANG_WARN_SUSPICIOUS_MOVE = YES;
				CLANG_WARN_UNGUARDED_AVAILABILITY = YES_AGGRESSIVE;
				CLANG_WARN_UNREACHABLE_CODE = YES;
				CLANG_WARN__DUPLICATE_METHOD_MATCH = YES;
				COPY_PHASE_STRIP = NO;
				DEBUG_INFORMATION_FORMAT = "dwarf-with-dsym";
				ENABLE_NS_ASSERTIONS = NO;
				ENABLE_STRICT_OBJC_MSGSEND = YES;
				ENABLE_USER_SCRIPT_SANDBOXING = YES;
				GCC_C_LANGUAGE_STANDARD = gnu17;
				GCC_NO_COMMON_BLOCKS = YES;
				GCC_WARN_64_TO_32_BIT_CONVERSION = YES;
				GCC_WARN_ABOUT_RETURN_TYPE = YES_ERROR;
				GCC_WARN_UNDECLARED_SELECTOR = YES;
				GCC_WARN_UNINITIALIZED_AUTOS = YES_AGGRESSIVE;
				GCC_WARN_UNUSED_FUNCTION = YES;
				GCC_WARN_UNUSED_VARIABLE = YES;
				IPHONEOS_DEPLOYMENT_TARGET = 17.4;
				LOCALIZATION_PREFERS_STRING_CATALOGS = YES;
				MTL_ENABLE_DEBUG_INFO = NO;
				MTL_FAST_MATH = YES;
				SDKROOT = iphoneos;
				SWIFT_COMPILATION_MODE = wholemodule;
				VALIDATE_PRODUCT = YES;
			};
			name = Release;
		};
		FE3B218C2BE7AB1300D82E07 /* Debug */ = {
			isa = XCBuildConfiguration;
			buildSettings = {
				ASSETCATALOG_COMPILER_APPICON_NAME = AppIcon;
				ASSETCATALOG_COMPILER_GLOBAL_ACCENT_COLOR_NAME = AccentColor;
				CODE_SIGN_STYLE = Automatic;
				CURRENT_PROJECT_VERSION = 1;
				DEVELOPMENT_ASSET_PATHS = "\"FirebaseBootcampSwiftUI/Preview Content\"";
				DEVELOPMENT_TEAM = 4Z458N49ZH;
				ENABLE_PREVIEWS = YES;
				GENERATE_INFOPLIST_FILE = YES;
				INFOPLIST_FILE = FirebaseBootcampSwiftUI/Info.plist;
				INFOPLIST_KEY_UIApplicationSceneManifest_Generation = YES;
				INFOPLIST_KEY_UIApplicationSupportsIndirectInputEvents = YES;
				INFOPLIST_KEY_UILaunchScreen_Generation = YES;
				INFOPLIST_KEY_UISupportedInterfaceOrientations_iPad = "UIInterfaceOrientationPortrait UIInterfaceOrientationPortraitUpsideDown UIInterfaceOrientationLandscapeLeft UIInterfaceOrientationLandscapeRight";
				INFOPLIST_KEY_UISupportedInterfaceOrientations_iPhone = "UIInterfaceOrientationPortrait UIInterfaceOrientationLandscapeLeft UIInterfaceOrientationLandscapeRight";
				LD_RUNPATH_SEARCH_PATHS = (
					"$(inherited)",
					"@executable_path/Frameworks",
				);
				MARKETING_VERSION = 1.0;
				PRODUCT_BUNDLE_IDENTIFIER = co.pawelrudnik.FirebaseBootcampSwiftUI;
				PRODUCT_NAME = "$(TARGET_NAME)";
				SWIFT_EMIT_LOC_STRINGS = YES;
				SWIFT_VERSION = 5.0;
				TARGETED_DEVICE_FAMILY = "1,2";
			};
			name = Debug;
		};
		FE3B218D2BE7AB1300D82E07 /* Release */ = {
			isa = XCBuildConfiguration;
			buildSettings = {
				ASSETCATALOG_COMPILER_APPICON_NAME = AppIcon;
				ASSETCATALOG_COMPILER_GLOBAL_ACCENT_COLOR_NAME = AccentColor;
				CODE_SIGN_STYLE = Automatic;
				CURRENT_PROJECT_VERSION = 1;
				DEVELOPMENT_ASSET_PATHS = "\"FirebaseBootcampSwiftUI/Preview Content\"";
				DEVELOPMENT_TEAM = 4Z458N49ZH;
				ENABLE_PREVIEWS = YES;
				GENERATE_INFOPLIST_FILE = YES;
				INFOPLIST_FILE = FirebaseBootcampSwiftUI/Info.plist;
				INFOPLIST_KEY_UIApplicationSceneManifest_Generation = YES;
				INFOPLIST_KEY_UIApplicationSupportsIndirectInputEvents = YES;
				INFOPLIST_KEY_UILaunchScreen_Generation = YES;
				INFOPLIST_KEY_UISupportedInterfaceOrientations_iPad = "UIInterfaceOrientationPortrait UIInterfaceOrientationPortraitUpsideDown UIInterfaceOrientationLandscapeLeft UIInterfaceOrientationLandscapeRight";
				INFOPLIST_KEY_UISupportedInterfaceOrientations_iPhone = "UIInterfaceOrientationPortrait UIInterfaceOrientationLandscapeLeft UIInterfaceOrientationLandscapeRight";
				LD_RUNPATH_SEARCH_PATHS = (
					"$(inherited)",
					"@executable_path/Frameworks",
				);
				MARKETING_VERSION = 1.0;
				PRODUCT_BUNDLE_IDENTIFIER = co.pawelrudnik.FirebaseBootcampSwiftUI;
				PRODUCT_NAME = "$(TARGET_NAME)";
				SWIFT_EMIT_LOC_STRINGS = YES;
				SWIFT_VERSION = 5.0;
				TARGETED_DEVICE_FAMILY = "1,2";
			};
			name = Release;
		};
/* End XCBuildConfiguration section */

/* Begin XCConfigurationList section */
		FE3B21782BE7AB1200D82E07 /* Build configuration list for PBXProject "FirebaseBootcampSwiftUI" */ = {
			isa = XCConfigurationList;
			buildConfigurations = (
				FE3B21892BE7AB1300D82E07 /* Debug */,
				FE3B218A2BE7AB1300D82E07 /* Release */,
			);
			defaultConfigurationIsVisible = 0;
			defaultConfigurationName = Release;
		};
		FE3B218B2BE7AB1300D82E07 /* Build configuration list for PBXNativeTarget "FirebaseBootcampSwiftUI" */ = {
			isa = XCConfigurationList;
			buildConfigurations = (
				FE3B218C2BE7AB1300D82E07 /* Debug */,
				FE3B218D2BE7AB1300D82E07 /* Release */,
			);
			defaultConfigurationIsVisible = 0;
			defaultConfigurationName = Release;
		};
/* End XCConfigurationList section */

/* Begin XCRemoteSwiftPackageReference section */
		FE3B21902BE7AF2000D82E07 /* XCRemoteSwiftPackageReference "firebase-ios-sdk" */ = {
			isa = XCRemoteSwiftPackageReference;
			repositoryURL = "https://github.com/firebase/firebase-ios-sdk";
			requirement = {
				kind = upToNextMajorVersion;
				minimumVersion = 10.25.0;
			};
		};
		FE3B21A32BE94CCC00D82E07 /* XCRemoteSwiftPackageReference "GoogleSignIn-iOS" */ = {
			isa = XCRemoteSwiftPackageReference;
			repositoryURL = "https://github.com/google/GoogleSignIn-iOS";
			requirement = {
				kind = upToNextMajorVersion;
				minimumVersion = 7.1.0;
			};
		};
/* End XCRemoteSwiftPackageReference section */

/* Begin XCSwiftPackageProductDependency section */
		FE3B21912BE7AF2000D82E07 /* FirebaseAnalytics */ = {
			isa = XCSwiftPackageProductDependency;
			package = FE3B21902BE7AF2000D82E07 /* XCRemoteSwiftPackageReference "firebase-ios-sdk" */;
			productName = FirebaseAnalytics;
		};
		FE3B21932BE7AF2000D82E07 /* FirebaseAnalyticsSwift */ = {
			isa = XCSwiftPackageProductDependency;
			package = FE3B21902BE7AF2000D82E07 /* XCRemoteSwiftPackageReference "firebase-ios-sdk" */;
			productName = FirebaseAnalyticsSwift;
		};
		FE3B21962BE7B5DA00D82E07 /* FirebaseAuth */ = {
			isa = XCSwiftPackageProductDependency;
			package = FE3B21902BE7AF2000D82E07 /* XCRemoteSwiftPackageReference "firebase-ios-sdk" */;
			productName = FirebaseAuth;
		};
		FE3B21A42BE94CCC00D82E07 /* GoogleSignIn */ = {
			isa = XCSwiftPackageProductDependency;
			package = FE3B21A32BE94CCC00D82E07 /* XCRemoteSwiftPackageReference "GoogleSignIn-iOS" */;
			productName = GoogleSignIn;
		};
		FE3B21A62BE94CCC00D82E07 /* GoogleSignInSwift */ = {
			isa = XCSwiftPackageProductDependency;
			package = FE3B21A32BE94CCC00D82E07 /* XCRemoteSwiftPackageReference "GoogleSignIn-iOS" */;
			productName = GoogleSignInSwift;
		};
		FEF707B42BEBF450000DFFC4 /* FirebaseFirestore */ = {
			isa = XCSwiftPackageProductDependency;
			package = FE3B21902BE7AF2000D82E07 /* XCRemoteSwiftPackageReference "firebase-ios-sdk" */;
			productName = FirebaseFirestore;
		};
		FEF707B62BEBF450000DFFC4 /* FirebaseFirestoreSwift */ = {
			isa = XCSwiftPackageProductDependency;
			package = FE3B21902BE7AF2000D82E07 /* XCRemoteSwiftPackageReference "firebase-ios-sdk" */;
			productName = FirebaseFirestoreSwift;
		};
/* End XCSwiftPackageProductDependency section */
	};
	rootObject = FE3B21752BE7AB1200D82E07 /* Project object */;
}
